{
  "name": "Team_311",
  "lockfileVersion": 3,
  "requires": true,
  "packages": {
    "": {
      "dependencies": {
        "mapbox-gl": "^3.32.0"
      }
    },
    "node_modules/mapbox-gl": {
      "version": "3.32.0",
      "resolved": "https://registry.npmjs.org/mapbox-gl/-/mapbox-gl-3.32.0.tgz",
      "integrity": "sha512-+P4qrlyejQYLyz1Bfzoe+d5Ff5vAghH54RNHm1q2VeAZqkSjQ5e1XlovQoSHlf4xqpRJtJG58kn8nkLwPMQung==",
      "license": "SEE LICENSE IN LICENSE.txt",
      "workspaces": [
        "src/style-spec",
        "plugins/mapbox-gl-pmtiles-provider",
        "test/bundlers/*",
        "test/build/typings"
      ]
    }
  }
}
